
Microsoft Visual Studio Solution File, Format Version 12.00
# Visual Studio Version 16
VisualStudioVersion = 16.0.30204.135
MinimumVisualStudioVersion = 10.0.40219.1
Project("{9A19103F-16F7-4668-BE54-9A1E7A4F7556}") = "BSTrueRandomizer", "src\BSTrueRandomizer.csproj", "{B1448DF7-102D-49B2-A8E9-24C414F65882}"
EndProject
Project("{9A19103F-16F7-4668-BE54-9A1E7A4F7556}") = "BSTrueRandomizerTest", "tests\BSTrueRandomizerTest.csproj", "{DEDDC020-7513-4B4C-AA0A-A55DBA7F66C4}"
EndProject
Global
	GlobalSection(SolutionConfigurationPlatforms) = preSolution
		Debug|Any CPU = Debug|Any CPU
		Release|Any CPU = Release|Any CPU
	EndGlobalSection
	GlobalSection(ProjectConfigurationPlatforms) = postSolution
		{B1448DF7-102D-49B2-A8E9-24C414F65882}.Debug|Any CPU.ActiveCfg = Debug|Any CPU
		{B1448DF7-102D-49B2-A8E9-24C414F65882}.Debug|Any CPU.Build.0 = Debug|Any CPU
		{B1448DF7-102D-49B2-A8E9-24C414F65882}.Release|Any CPU.ActiveCfg = Release|Any CPU
		{B1448DF7-102D-49B2-A8E9-24C414F65882}.Release|Any CPU.Build.0 = Release|Any CPU
		{DEDDC020-7513-4B4C-AA0A-A55DBA7F66C4}.Debug|Any CPU.ActiveCfg = Debug|Any CPU
		{DEDDC020-7513-4B4C-AA0A-A55DBA7F66C4}.Debug|Any CPU.Build.0 = Debug|Any CPU
		{DEDDC020-7513-4B4C-AA0A-A55DBA7F66C4}.Release|Any CPU.ActiveCfg = Release|Any CPU
		{DEDDC020-7513-4B4C-AA0A-A55DBA7F66C4}.Release|Any CPU.Build.0 = Release|Any CPU
	EndGlobalSection
	GlobalSection(SolutionProperties) = preSolution
		HideSolutionNode = FALSE
	EndGlobalSection
	GlobalSection(ExtensibilityGlobals) = postSolution
		SolutionGuid = {325E79C7-BA58-44AF-97A1-DC1128BBA91D}
	EndGlobalSection
EndGlobal
